
Microsoft Visual Studio Solution File, Format Version 12.00
# Visual Studio Version 17
VisualStudioVersion = 17.9.34714.143
MinimumVisualStudioVersion = 10.0.40219.1
Project("{FAE04EC0-301F-11D3-BF4B-00C04F79EFBC}") = "Base", "Base.csproj", "{1DC2276A-2E96-489A-B399-E3B29818DC4C}"
EndProject
Global
	GlobalSection(SolutionConfigurationPlatforms) = preSolution
		Debug|Any CPU = Debug|Any CPU
		Release|Any CPU = Release|Any CPU
	EndGlobalSection
	GlobalSection(ProjectConfigurationPlatforms) = postSolution
		{1DC2276A-2E96-489A-B399-E3B29818DC4C}.Debug|Any CPU.ActiveCfg = Debug|Any CPU
		{1DC2276A-2E96-489A-B399-E3B29818DC4C}.Debug|Any CPU.Build.0 = Debug|Any CPU
		{1DC2276A-2E96-489A-B399-E3B29818DC4C}.Release|Any CPU.ActiveCfg = Release|Any CPU
		{1DC2276A-2E96-489A-B399-E3B29818DC4C}.Release|Any CPU.Build.0 = Release|Any CPU
	EndGlobalSection
	GlobalSection(SolutionProperties) = preSolution
		HideSolutionNode = FALSE
	EndGlobalSection
	GlobalSection(ExtensibilityGlobals) = postSolution
		SolutionGuid = {B37999D0-F94E-4409-81FE-9AD0F8554F80}
	EndGlobalSection
EndGlobal
